
Microsoft Visual Studio Solution File, Format Version 12.00
# Visual Studio Version 17
VisualStudioVersion = 17.14.36414.22 d17.14
MinimumVisualStudioVersion = 10.0.40219.1
Project("{54A90642-561A-4BB1-A94E-469ADEE60C69}") = "app.client", "app.client\app.client.esproj", "{6EFB0939-1417-03BA-AA06-6718E8663618}"
EndProject
Project("{FAE04EC0-301F-11D3-BF4B-00C04F79EFBC}") = "app.Server", "app.Server\app.Server.csproj", "{A3A3D48A-212B-439A-A45E-E517FAFA780E}"
EndProject
Global
	GlobalSection(SolutionConfigurationPlatforms) = preSolution
		Debug|Any CPU = Debug|Any CPU
		Release|Any CPU = Release|Any CPU
	EndGlobalSection
	GlobalSection(ProjectConfigurationPlatforms) = postSolution
		{6EFB0939-1417-03BA-AA06-6718E8663618}.Debug|Any CPU.ActiveCfg = Debug|Any CPU
		{6EFB0939-1417-03BA-AA06-6718E8663618}.Debug|Any CPU.Build.0 = Debug|Any CPU
		{6EFB0939-1417-03BA-AA06-6718E8663618}.Debug|Any CPU.Deploy.0 = Debug|Any CPU
		{6EFB0939-1417-03BA-AA06-6718E8663618}.Release|Any CPU.ActiveCfg = Release|Any CPU
		{6EFB0939-1417-03BA-AA06-6718E8663618}.Release|Any CPU.Build.0 = Release|Any CPU
		{6EFB0939-1417-03BA-AA06-6718E8663618}.Release|Any CPU.Deploy.0 = Release|Any CPU
		{A3A3D48A-212B-439A-A45E-E517FAFA780E}.Debug|Any CPU.ActiveCfg = Debug|Any CPU
		{A3A3D48A-212B-439A-A45E-E517FAFA780E}.Debug|Any CPU.Build.0 = Debug|Any CPU
		{A3A3D48A-212B-439A-A45E-E517FAFA780E}.Release|Any CPU.ActiveCfg = Release|Any CPU
		{A3A3D48A-212B-439A-A45E-E517FAFA780E}.Release|Any CPU.Build.0 = Release|Any CPU
	EndGlobalSection
	GlobalSection(SolutionProperties) = preSolution
		HideSolutionNode = FALSE
	EndGlobalSection
	GlobalSection(ExtensibilityGlobals) = postSolution
		SolutionGuid = {5BADD49A-39F4-4995-A8A1-79F21063DCE3}
	EndGlobalSection
EndGlobal
